
Microsoft Visual Studio Solution File, Format Version 12.00
# Visual Studio Version 17
VisualStudioVersion = 17.11.35431.28
MinimumVisualStudioVersion = 10.0.40219.1
Project("{9A19103F-16F7-4668-BE54-9A1E7A4F7556}") = "CharacterCreator", "CharacterCreator.csproj", "{68C620EF-036F-4165-95DE-F018BE82A59C}"
EndProject
Project("{FAE04EC0-301F-11D3-BF4B-00C04F79EFBC}") = "CharacterCreatorTests", "..\CharacterCreatorTests\CharacterCreatorTests.csproj", "{14C86AE2-1617-4751-97AC-EE1B415541AA}"
EndProject
Global
	GlobalSection(SolutionConfigurationPlatforms) = preSolution
		Debug|Any CPU = Debug|Any CPU
		Release|Any CPU = Release|Any CPU
	EndGlobalSection
	GlobalSection(ProjectConfigurationPlatforms) = postSolution
		{68C620EF-036F-4165-95DE-F018BE82A59C}.Debug|Any CPU.ActiveCfg = Debug|Any CPU
		{68C620EF-036F-4165-95DE-F018BE82A59C}.Debug|Any CPU.Build.0 = Debug|Any CPU
		{68C620EF-036F-4165-95DE-F018BE82A59C}.Release|Any CPU.ActiveCfg = Release|Any CPU
		{68C620EF-036F-4165-95DE-F018BE82A59C}.Release|Any CPU.Build.0 = Release|Any CPU
		{14C86AE2-1617-4751-97AC-EE1B415541AA}.Debug|Any CPU.ActiveCfg = Debug|Any CPU
		{14C86AE2-1617-4751-97AC-EE1B415541AA}.Debug|Any CPU.Build.0 = Debug|Any CPU
		{14C86AE2-1617-4751-97AC-EE1B415541AA}.Release|Any CPU.ActiveCfg = Release|Any CPU
		{14C86AE2-1617-4751-97AC-EE1B415541AA}.Release|Any CPU.Build.0 = Release|Any CPU
	EndGlobalSection
	GlobalSection(SolutionProperties) = preSolution
		HideSolutionNode = FALSE
	EndGlobalSection
	GlobalSection(ExtensibilityGlobals) = postSolution
		SolutionGuid = {E90E47B4-D8BC-42A4-978A-1B3DCE61F61C}
	EndGlobalSection
EndGlobal
